# This file is automatically @generated by Cargo.
# It is not intended for manual editing.
version = 4
{% if project_kind == "workspace" %}
[[package]]
name = "{{project-name}}"
version = "0.1.0"
dependencies = [
 "{{project-name}}-core",
]

[[package]]
name = "{{project-name}}-core"
version = "0.1.0"
{% else %}
[[package]]
name = "{{project-name}}"
version = "0.1.0"
{% endif %}